
Microsoft Visual Studio Solution File, Format Version 12.00
# Visual Studio Version 16
VisualStudioVersion = 16.0.30523.141
MinimumVisualStudioVersion = 10.0.40219.1
Project("{FAE04EC0-301F-11D3-BF4B-00C04F79EFBC}") = "KritzArtGallery", "src\KritzArtGallery.csproj", "{13CD7F53-8AF3-4FFE-99A9-6693EAF2223C}"
EndProject
Project("{00D1A9C2-B5F0-4AF3-8072-F6C62B433612}") = "database", "database\database.sqlproj", "{9A6323E4-F083-4172-92CC-918CBB7ADA1C}"
EndProject
Project("{FAE04EC0-301F-11D3-BF4B-00C04F79EFBC}") = "KritzArtGalleryTests", "test\KritzArtGalleryTests.csproj", "{94CE13F4-27BD-4301-B7EC-5CFC63C59B5F}"
EndProject
Global
	GlobalSection(SolutionConfigurationPlatforms) = preSolution
		Debug|Any CPU = Debug|Any CPU
		Release|Any CPU = Release|Any CPU
	EndGlobalSection
	GlobalSection(ProjectConfigurationPlatforms) = postSolution
		{13CD7F53-8AF3-4FFE-99A9-6693EAF2223C}.Debug|Any CPU.ActiveCfg = Debug|Any CPU
		{13CD7F53-8AF3-4FFE-99A9-6693EAF2223C}.Debug|Any CPU.Build.0 = Debug|Any CPU
		{13CD7F53-8AF3-4FFE-99A9-6693EAF2223C}.Release|Any CPU.ActiveCfg = Release|Any CPU
		{13CD7F53-8AF3-4FFE-99A9-6693EAF2223C}.Release|Any CPU.Build.0 = Release|Any CPU
		{9A6323E4-F083-4172-92CC-918CBB7ADA1C}.Debug|Any CPU.ActiveCfg = Debug|Any CPU
		{9A6323E4-F083-4172-92CC-918CBB7ADA1C}.Debug|Any CPU.Build.0 = Debug|Any CPU
		{9A6323E4-F083-4172-92CC-918CBB7ADA1C}.Debug|Any CPU.Deploy.0 = Debug|Any CPU
		{9A6323E4-F083-4172-92CC-918CBB7ADA1C}.Release|Any CPU.ActiveCfg = Release|Any CPU
		{9A6323E4-F083-4172-92CC-918CBB7ADA1C}.Release|Any CPU.Build.0 = Release|Any CPU
		{9A6323E4-F083-4172-92CC-918CBB7ADA1C}.Release|Any CPU.Deploy.0 = Release|Any CPU
		{94CE13F4-27BD-4301-B7EC-5CFC63C59B5F}.Debug|Any CPU.ActiveCfg = Debug|Any CPU
		{94CE13F4-27BD-4301-B7EC-5CFC63C59B5F}.Debug|Any CPU.Build.0 = Debug|Any CPU
		{94CE13F4-27BD-4301-B7EC-5CFC63C59B5F}.Release|Any CPU.ActiveCfg = Release|Any CPU
		{94CE13F4-27BD-4301-B7EC-5CFC63C59B5F}.Release|Any CPU.Build.0 = Release|Any CPU
	EndGlobalSection
	GlobalSection(SolutionProperties) = preSolution
		HideSolutionNode = FALSE
	EndGlobalSection
	GlobalSection(ExtensibilityGlobals) = postSolution
		SolutionGuid = {2F887763-2094-408E-8F1E-B9B59F5ACC8D}
	EndGlobalSection
EndGlobal
